// !$*UTF8*$!
{
	archiveVersion = 1;
	classes = {
	};
	objectVersion = 50;
	objects = {

/* Begin PBXBuildFile section */
		1F09C8552292B64000DB4D0C /* AppDelegate.swift in Sources */ = {isa = PBXBuildFile; fileRef = 1F09C8542292B64000DB4D0C /* AppDelegate.swift */; };
		1F09C8572292B64000DB4D0C /* ViewController.swift in Sources */ = {isa = PBXBuildFile; fileRef = 1F09C8562292B64000DB4D0C /* ViewController.swift */; };
		1F09C85A2292B64000DB4D0C /* Main.storyboard in Resources */ = {isa = PBXBuildFile; fileRef = 1F09C8582292B64000DB4D0C /* Main.storyboard */; };
		1F09C85C2292B64100DB4D0C /* Assets.xcassets in Resources */ = {isa = PBXBuildFile; fileRef = 1F09C85B2292B64100DB4D0C /* Assets.xcassets */; };
		1F09C85F2292B64100DB4D0C /* LaunchScreen.storyboard in Resources */ = {isa = PBXBuildFile; fileRef = 1F09C85D2292B64100DB4D0C /* LaunchScreen.storyboard */; };
		1F09C8692292BD5E00DB4D0C /* dore in Resources */ = {isa = PBXBuildFile; fileRef = 1F09C8682292BD5E00DB4D0C /* dore */; };
		1F09C86B2292CBA200DB4D0C /* SingleTon.swift in Sources */ = {isa = PBXBuildFile; fileRef = 1F09C86A2292CBA200DB4D0C /* SingleTon.swift */; };
		1F09C86D2292D05C00DB4D0C /* SecondViewController.swift in Sources */ = {isa = PBXBuildFile; fileRef = 1F09C86C2292D05C00DB4D0C /* SecondViewController.swift */; };
		1F1F7F7B2293EB2500F2D0A2 /* CustomView.swift in Sources */ = {isa = PBXBuildFile; fileRef = 1F1F7F7A2293EB2500F2D0A2 /* CustomView.swift */; };
		1F1F7F7D229422BF00F2D0A2 /* LoginViewController.swift in Sources */ = {isa = PBXBuildFile; fileRef = 1F1F7F7C229422BF00F2D0A2 /* LoginViewController.swift */; };
		1FABF1B82294DFCD009204BA /* ThirdViewController.swift in Sources */ = {isa = PBXBuildFile; fileRef = 1FABF1B72294DFCD009204BA /* ThirdViewController.swift */; };
		1FABF1BA229579EE009204BA /* InforViewController.swift in Sources */ = {isa = PBXBuildFile; fileRef = 1FABF1B9229579EE009204BA /* InforViewController.swift */; };
		AB0AA4DB22955C0B0053311B /* RankingViewController.swift in Sources */ = {isa = PBXBuildFile; fileRef = AB0AA4DA22955C0B0053311B /* RankingViewController.swift */; };
		AB0AA4DD22955C570053311B /* CustonCell.swift in Sources */ = {isa = PBXBuildFile; fileRef = AB0AA4DC22955C570053311B /* CustonCell.swift */; };
		AB0AA4DF22955CBE0053311B /* SingleSigle.swift in Sources */ = {isa = PBXBuildFile; fileRef = AB0AA4DE22955CBE0053311B /* SingleSigle.swift */; };
/* End PBXBuildFile section */

/* Begin PBXFileReference section */
		1F09C8512292B64000DB4D0C /* doremi.app */ = {isa = PBXFileReference; explicitFileType = wrapper.application; includeInIndex = 0; path = doremi.app; sourceTree = BUILT_PRODUCTS_DIR; };
		1F09C8542292B64000DB4D0C /* AppDelegate.swift */ = {isa = PBXFileReference; lastKnownFileType = sourcecode.swift; path = AppDelegate.swift; sourceTree = "<group>"; };
		1F09C8562292B64000DB4D0C /* ViewController.swift */ = {isa = PBXFileReference; lastKnownFileType = sourcecode.swift; path = ViewController.swift; sourceTree = "<group>"; };
		1F09C8592292B64000DB4D0C /* Base */ = {isa = PBXFileReference; lastKnownFileType = file.storyboard; name = Base; path = Base.lproj/Main.storyboard; sourceTree = "<group>"; };
		1F09C85B2292B64100DB4D0C /* Assets.xcassets */ = {isa = PBXFileReference; lastKnownFileType = folder.assetcatalog; path = Assets.xcassets; sourceTree = "<group>"; };
		1F09C85E2292B64100DB4D0C /* Base */ = {isa = PBXFileReference; lastKnownFileType = file.storyboard; name = Base; path = Base.lproj/LaunchScreen.storyboard; sourceTree = "<group>"; };
		1F09C8602292B64100DB4D0C /* Info.plist */ = {isa = PBXFileReference; lastKnownFileType = text.plist.xml; path = Info.plist; sourceTree = "<group>"; };
		1F09C8682292BD5E00DB4D0C /* dore */ = {isa = PBXFileReference; lastKnownFileType = folder; path = dore; sourceTree = "<group>"; };
		1F09C86A2292CBA200DB4D0C /* SingleTon.swift */ = {isa = PBXFileReference; lastKnownFileType = sourcecode.swift; path = SingleTon.swift; sourceTree = "<group>"; };
		1F09C86C2292D05C00DB4D0C /* SecondViewController.swift */ = {isa = PBXFileReference; lastKnownFileType = sourcecode.swift; path = SecondViewController.swift; sourceTree = "<group>"; };
		1F1F7F7A2293EB2500F2D0A2 /* CustomView.swift */ = {isa = PBXFileReference; lastKnownFileType = sourcecode.swift; path = CustomView.swift; sourceTree = "<group>"; };
		1F1F7F7C229422BF00F2D0A2 /* LoginViewController.swift */ = {isa = PBXFileReference; lastKnownFileType = sourcecode.swift; path = LoginViewController.swift; sourceTree = "<group>"; };
		1FABF1B72294DFCD009204BA /* ThirdViewController.swift */ = {isa = PBXFileReference; lastKnownFileType = sourcecode.swift; path = ThirdViewController.swift; sourceTree = "<group>"; };
		1FABF1B9229579EE009204BA /* InforViewController.swift */ = {isa = PBXFileReference; lastKnownFileType = sourcecode.swift; path = InforViewController.swift; sourceTree = "<group>"; };
		AB0AA4DA22955C0B0053311B /* RankingViewController.swift */ = {isa = PBXFileReference; lastKnownFileType = sourcecode.swift; path = RankingViewController.swift; sourceTree = "<group>"; };
		AB0AA4DC22955C570053311B /* CustonCell.swift */ = {isa = PBXFileReference; lastKnownFileType = sourcecode.swift; path = CustonCell.swift; sourceTree = "<group>"; };
		AB0AA4DE22955CBE0053311B /* SingleSigle.swift */ = {isa = PBXFileReference; lastKnownFileType = sourcecode.swift; path = SingleSigle.swift; sourceTree = "<group>"; };
/* End PBXFileReference section */

/* Begin PBXFrameworksBuildPhase section */
		1F09C84E2292B64000DB4D0C /* Frameworks */ = {
			isa = PBXFrameworksBuildPhase;
			buildActionMask = 2147483647;
			files = (
			);
			runOnlyForDeploymentPostprocessing = 0;
		};
/* End PBXFrameworksBuildPhase section */

/* Begin PBXGroup section */
		1F09C8482292B64000DB4D0C = {
			isa = PBXGroup;
			children = (
				1F09C8532292B64000DB4D0C /* doremi */,
				1F09C8522292B64000DB4D0C /* Products */,
			);
			sourceTree = "<group>";
		};
		1F09C8522292B64000DB4D0C /* Products */ = {
			isa = PBXGroup;
			children = (
				1F09C8512292B64000DB4D0C /* doremi.app */,
			);
			name = Products;
			sourceTree = "<group>";
		};
		1F09C8532292B64000DB4D0C /* doremi */ = {
			isa = PBXGroup;
			children = (
				1F1F7F80229422FA00F2D0A2 /* 전은석 */,
				1F09C8682292BD5E00DB4D0C /* dore */,
				1F1F7F812294232500F2D0A2 /* 고정아 */,
				1F09C85B2292B64100DB4D0C /* Assets.xcassets */,
				1F09C85D2292B64100DB4D0C /* LaunchScreen.storyboard */,
				1F09C8602292B64100DB4D0C /* Info.plist */,
			);
			path = doremi;
			sourceTree = "<group>";
		};
		1F1F7F80229422FA00F2D0A2 /* 전은석 */ = {
			isa = PBXGroup;
			children = (
				1F09C8562292B64000DB4D0C /* ViewController.swift */,
				1F09C86C2292D05C00DB4D0C /* SecondViewController.swift */,
				1FABF1B72294DFCD009204BA /* ThirdViewController.swift */,
				1FABF1B9229579EE009204BA /* InforViewController.swift */,
				1F09C86A2292CBA200DB4D0C /* SingleTon.swift */,
				1F1F7F7A2293EB2500F2D0A2 /* CustomView.swift */,
				1F09C8582292B64000DB4D0C /* Main.storyboard */,
			);
			name = "전은석";
			path = "전은석";
			sourceTree = "<group>";
		};
		1F1F7F812294232500F2D0A2 /* 고정아 */ = {
			isa = PBXGroup;
			children = (
				1F09C8542292B64000DB4D0C /* AppDelegate.swift */,
				1F1F7F7C229422BF00F2D0A2 /* LoginViewController.swift */,
				AB0AA4DA22955C0B0053311B /* RankingViewController.swift */,
				AB0AA4DC22955C570053311B /* CustonCell.swift */,
				AB0AA4DE22955CBE0053311B /* SingleSigle.swift */,
			);
			name = "고정아";
			path = "고정아";
			sourceTree = "<group>";
		};
/* End PBXGroup section */

/* Begin PBXNativeTarget section */
		1F09C8502292B64000DB4D0C /* doremi */ = {
			isa = PBXNativeTarget;
			buildConfigurationList = 1F09C8632292B64100DB4D0C /* Build configuration list for PBXNativeTarget "doremi" */;
			buildPhases = (
				1F09C84D2292B64000DB4D0C /* Sources */,
				1F09C84E2292B64000DB4D0C /* Frameworks */,
				1F09C84F2292B64000DB4D0C /* Resources */,
			);
			buildRules = (
			);
			dependencies = (
			);
			name = doremi;
			productName = doremi;
			productReference = 1F09C8512292B64000DB4D0C /* doremi.app */;
			productType = "com.apple.product-type.application";
		};
/* End PBXNativeTarget section */

/* Begin PBXProject section */
		1F09C8492292B64000DB4D0C /* Project object */ = {
			isa = PBXProject;
			attributes = {
				LastSwiftUpdateCheck = 1020;
				LastUpgradeCheck = 1020;
				ORGANIZATIONNAME = brian;
				TargetAttributes = {
					1F09C8502292B64000DB4D0C = {
						CreatedOnToolsVersion = 10.2;
					};
				};
			};
			buildConfigurationList = 1F09C84C2292B64000DB4D0C /* Build configuration list for PBXProject "doremi" */;
			compatibilityVersion = "Xcode 9.3";
			developmentRegion = en;
			hasScannedForEncodings = 0;
			knownRegions = (
				en,
				Base,
			);
			mainGroup = 1F09C8482292B64000DB4D0C;
			productRefGroup = 1F09C8522292B64000DB4D0C /* Products */;
			projectDirPath = "";
			projectRoot = "";
			targets = (
				1F09C8502292B64000DB4D0C /* doremi */,
			);
		};
/* End PBXProject section */

/* Begin PBXResourcesBuildPhase section */
		1F09C84F2292B64000DB4D0C /* Resources */ = {
			isa = PBXResourcesBuildPhase;
			buildActionMask = 2147483647;
			files = (
				1F09C85F2292B64100DB4D0C /* LaunchScreen.storyboard in Resources */,
				1F09C8692292BD5E00DB4D0C /* dore in Resources */,
				1F09C85C2292B64100DB4D0C /* Assets.xcassets in Resources */,
				1F09C85A2292B64000DB4D0C /* Main.storyboard in Resources */,
			);
			runOnlyForDeploymentPostprocessing = 0;
		};
/* End PBXResourcesBuildPhase section */

/* Begin PBXSourcesBuildPhase section */
		1F09C84D2292B64000DB4D0C /* Sources */ = {
			isa = PBXSourcesBuildPhase;
			buildActionMask = 2147483647;
			files = (
				1F1F7F7D229422BF00F2D0A2 /* LoginViewController.swift in Sources */,
				1F1F7F7B2293EB2500F2D0A2 /* CustomView.swift in Sources */,
				1F09C86D2292D05C00DB4D0C /* SecondViewController.swift in Sources */,
				1F09C8572292B64000DB4D0C /* ViewController.swift in Sources */,
				AB0AA4DD22955C570053311B /* CustonCell.swift in Sources */,
				1F09C86B2292CBA200DB4D0C /* SingleTon.swift in Sources */,
				1FABF1BA229579EE009204BA /* InforViewController.swift in Sources */,
				AB0AA4DF22955CBE0053311B /* SingleSigle.swift in Sources */,
				1FABF1B82294DFCD009204BA /* ThirdViewController.swift in Sources */,
				1F09C8552292B64000DB4D0C /* AppDelegate.swift in Sources */,
				AB0AA4DB22955C0B0053311B /* RankingViewController.swift in Sources */,
			);
			runOnlyForDeploymentPostprocessing = 0;
		};
/* End PBXSourcesBuildPhase section */

/* Begin PBXVariantGroup section */
		1F09C8582292B64000DB4D0C /* Main.storyboard */ = {
			isa = PBXVariantGroup;
			children = (
				1F09C8592292B64000DB4D0C /* Base */,
			);
			name = Main.storyboard;
			sourceTree = "<group>";
		};
		1F09C85D2292B64100DB4D0C /* LaunchScreen.storyboard */ = {
			isa = PBXVariantGroup;
			children = (
				1F09C85E2292B64100DB4D0C /* Base */,
			);
			name = LaunchScreen.storyboard;
			sourceTree = "<group>";
		};
/* End PBXVariantGroup section */

/* Begin XCBuildConfiguration section */
		1F09C8612292B64100DB4D0C /* Debug */ = {
			isa = XCBuildConfiguration;
			buildSettings = {
				ALWAYS_SEARCH_USER_PATHS = NO;
				CLANG_ANALYZER_NONNULL = YES;
				CLANG_ANALYZER_NUMBER_OBJECT_CONVERSION = YES_AGGRESSIVE;
				CLANG_CXX_LANGUAGE_STANDARD = "gnu++14";
				CLANG_CXX_LIBRARY = "libc++";
				CLANG_ENABLE_MODULES = YES;
				CLANG_ENABLE_OBJC_ARC = YES;
				CLANG_ENABLE_OBJC_WEAK = YES;
				CLANG_WARN_BLOCK_CAPTURE_AUTORELEASING = YES;
				CLANG_WARN_BOOL_CONVERSION = YES;
				CLANG_WARN_COMMA = YES;
				CLANG_WARN_CONSTANT_CONVERSION = YES;
				CLANG_WARN_DEPRECATED_OBJC_IMPLEMENTATIONS = YES;
				CLANG_WARN_DIRECT_OBJC_ISA_USAGE = YES_ERROR;
				CLANG_WARN_DOCUMENTATION_COMMENTS = YES;
				CLANG_WARN_EMPTY_BODY = YES;
				CLANG_WARN_ENUM_CONVERSION = YES;
				CLANG_WARN_INFINITE_RECURSION = YES;
				CLANG_WARN_INT_CONVERSION = YES;
				CLANG_WARN_NON_LITERAL_NULL_CONVERSION = YES;
				CLANG_WARN_OBJC_IMPLICIT_RETAIN_SELF = YES;
				CLANG_WARN_OBJC_LITERAL_CONVERSION = YES;
				CLANG_WARN_OBJC_ROOT_CLASS = YES_ERROR;
				CLANG_WARN_RANGE_LOOP_ANALYSIS = YES;
				CLANG_WARN_STRICT_PROTOTYPES = YES;
				CLANG_WARN_SUSPICIOUS_MOVE = YES;
				CLANG_WARN_UNGUARDED_AVAILABILITY = YES_AGGRESSIVE;
				CLANG_WARN_UNREACHABLE_CODE = YES;
				CLANG_WARN__DUPLICATE_METHOD_MATCH = YES;
				CODE_SIGN_IDENTITY = "iPhone Developer";
				COPY_PHASE_STRIP = NO;
				DEBUG_INFORMATION_FORMAT = dwarf;
				ENABLE_STRICT_OBJC_MSGSEND = YES;
				ENABLE_TESTABILITY = YES;
				GCC_C_LANGUAGE_STANDARD = gnu11;
				GCC_DYNAMIC_NO_PIC = NO;
				GCC_NO_COMMON_BLOCKS = YES;
				GCC_OPTIMIZATION_LEVEL = 0;
				GCC_PREPROCESSOR_DEFINITIONS = (
					"DEBUG=1",
					"$(inherited)",
				);
				GCC_WARN_64_TO_32_BIT_CONVERSION = YES;
				GCC_WARN_ABOUT_RETURN_TYPE = YES_ERROR;
				GCC_WARN_UNDECLARED_SELECTOR = YES;
				GCC_WARN_UNINITIALIZED_AUTOS = YES_AGGRESSIVE;
				GCC_WARN_UNUSED_FUNCTION = YES;
				GCC_WARN_UNUSED_VARIABLE = YES;
				IPHONEOS_DEPLOYMENT_TARGET = 12.2;
				MTL_ENABLE_DEBUG_INFO = INCLUDE_SOURCE;
				MTL_FAST_MATH = YES;
				ONLY_ACTIVE_ARCH = YES;
				SDKROOT = iphoneos;
				SWIFT_ACTIVE_COMPILATION_CONDITIONS = DEBUG;
				SWIFT_OPTIMIZATION_LEVEL = "-Onone";
			};
			name = Debug;
		};
		1F09C8622292B64100DB4D0C /* Release */ = {
			isa = XCBuildConfiguration;
			buildSettings = {
				ALWAYS_SEARCH_USER_PATHS = NO;
				CLANG_ANALYZER_NONNULL = YES;
				CLANG_ANALYZER_NUMBER_OBJECT_CONVERSION = YES_AGGRESSIVE;
				CLANG_CXX_LANGUAGE_STANDARD = "gnu++14";
				CLANG_CXX_LIBRARY = "libc++";
				CLANG_ENABLE_MODULES = YES;
				CLANG_ENABLE_OBJC_ARC = YES;
				CLANG_ENABLE_OBJC_WEAK = YES;
				CLANG_WARN_BLOCK_CAPTURE_AUTORELEASING = YES;
				CLANG_WARN_BOOL_CONVERSION = YES;
				CLANG_WARN_COMMA = YES;
				CLANG_WARN_CONSTANT_CONVERSION = YES;
				CLANG_WARN_DEPRECATED_OBJC_IMPLEMENTATIONS = YES;
				CLANG_WARN_DIRECT_OBJC_ISA_USAGE = YES_ERROR;
				CLANG_WARN_DOCUMENTATION_COMMENTS = YES;
				CLANG_WARN_EMPTY_BODY = YES;
				CLANG_WARN_ENUM_CONVERSION = YES;
				CLANG_WARN_INFINITE_RECURSION = YES;
				CLANG_WARN_INT_CONVERSION = YES;
				CLANG_WARN_NON_LITERAL_NULL_CONVERSION = YES;
				CLANG_WARN_OBJC_IMPLICIT_RETAIN_SELF = YES;
				CLANG_WARN_OBJC_LITERAL_CONVERSION = YES;
				CLANG_WARN_OBJC_ROOT_CLASS = YES_ERROR;
				CLANG_WARN_RANGE_LOOP_ANALYSIS = YES;
				CLANG_WARN_STRICT_PROTOTYPES = YES;
				CLANG_WARN_SUSPICIOUS_MOVE = YES;
				CLANG_WARN_UNGUARDED_AVAILABILITY = YES_AGGRESSIVE;
				CLANG_WARN_UNREACHABLE_CODE = YES;
				CLANG_WARN__DUPLICATE_METHOD_MATCH = YES;
				CODE_SIGN_IDENTITY = "iPhone Developer";
				COPY_PHASE_STRIP = NO;
				DEBUG_INFORMATION_FORMAT = "dwarf-with-dsym";
				ENABLE_NS_ASSERTIONS = NO;
				ENABLE_STRICT_OBJC_MSGSEND = YES;
				GCC_C_LANGUAGE_STANDARD = gnu11;
				GCC_NO_COMMON_BLOCKS = YES;
				GCC_WARN_64_TO_32_BIT_CONVERSION = YES;
				GCC_WARN_ABOUT_RETURN_TYPE = YES_ERROR;
				GCC_WARN_UNDECLARED_SELECTOR = YES;
				GCC_WARN_UNINITIALIZED_AUTOS = YES_AGGRESSIVE;
				GCC_WARN_UNUSED_FUNCTION = YES;
				GCC_WARN_UNUSED_VARIABLE = YES;
				IPHONEOS_DEPLOYMENT_TARGET = 12.2;
				MTL_ENABLE_DEBUG_INFO = NO;
				MTL_FAST_MATH = YES;
				SDKROOT = iphoneos;
				SWIFT_COMPILATION_MODE = wholemodule;
				SWIFT_OPTIMIZATION_LEVEL = "-O";
				VALIDATE_PRODUCT = YES;
			};
			name = Release;
		};
		1F09C8642292B64100DB4D0C /* Debug */ = {
			isa = XCBuildConfiguration;
			buildSettings = {
				ASSETCATALOG_COMPILER_APPICON_NAME = AppIcon;
				CODE_SIGN_STYLE = Automatic;
				DEVELOPMENT_TEAM = X4BPUW3TWT;
				INFOPLIST_FILE = doremi/Info.plist;
				LD_RUNPATH_SEARCH_PATHS = (
					"$(inherited)",
					"@executable_path/Frameworks",
				);
				PRODUCT_BUNDLE_IDENTIFIER = com.eunseok.exmple123;
				PRODUCT_NAME = "$(TARGET_NAME)";
				SWIFT_VERSION = 5.0;
				TARGETED_DEVICE_FAMILY = "1,2";
			};
			name = Debug;
		};
		1F09C8652292B64100DB4D0C /* Release */ = {
			isa = XCBuildConfiguration;
			buildSettings = {
				ASSETCATALOG_COMPILER_APPICON_NAME = AppIcon;
				CODE_SIGN_STYLE = Automatic;
				DEVELOPMENT_TEAM = X4BPUW3TWT;
				INFOPLIST_FILE = doremi/Info.plist;
				LD_RUNPATH_SEARCH_PATHS = (
					"$(inherited)",
					"@executable_path/Frameworks",
				);
				PRODUCT_BUNDLE_IDENTIFIER = com.eunseok.exmple123;
				PRODUCT_NAME = "$(TARGET_NAME)";
				SWIFT_VERSION = 5.0;
				TARGETED_DEVICE_FAMILY = "1,2";
			};
			name = Release;
		};
/* End XCBuildConfiguration section */

/* Begin XCConfigurationList section */
		1F09C84C2292B64000DB4D0C /* Build configuration list for PBXProject "doremi" */ = {
			isa = XCConfigurationList;
			buildConfigurations = (
				1F09C8612292B64100DB4D0C /* Debug */,
				1F09C8622292B64100DB4D0C /* Release */,
			);
			defaultConfigurationIsVisible = 0;
			defaultConfigurationName = Release;
		};
		1F09C8632292B64100DB4D0C /* Build configuration list for PBXNativeTarget "doremi" */ = {
			isa = XCConfigurationList;
			buildConfigurations = (
				1F09C8642292B64100DB4D0C /* Debug */,
				1F09C8652292B64100DB4D0C /* Release */,
			);
			defaultConfigurationIsVisible = 0;
			defaultConfigurationName = Release;
		};
/* End XCConfigurationList section */
	};
	rootObject = 1F09C8492292B64000DB4D0C /* Project object */;
}
